// !$*UTF8*$!
{
	archiveVersion = 1;
	classes = {
	};
	objectVersion = 48;
	objects = {

/* Begin PBXBuildFile section */
		F7A8B3F01FC8688B00492773 /* AppDelegate.swift in Sources */ = {isa = PBXBuildFile; fileRef = F7A8B3EF1FC8688B00492773 /* AppDelegate.swift */; };
		F7A8B3F21FC8688B00492773 /* PersonViewController.swift in Sources */ = {isa = PBXBuildFile; fileRef = F7A8B3F11FC8688B00492773 /* PersonViewController.swift */; };
		F7A8B3F51FC8688B00492773 /* Main.storyboard in Resources */ = {isa = PBXBuildFile; fileRef = F7A8B3F31FC8688B00492773 /* Main.storyboard */; };
		F7A8B3F81FC8688B00492773 /* Person.xcdatamodeld in Sources */ = {isa = PBXBuildFile; fileRef = F7A8B3F61FC8688B00492773 /* Person.xcdatamodeld */; };
		F7A8B3FA1FC8688B00492773 /* Assets.xcassets in Resources */ = {isa = PBXBuildFile; fileRef = F7A8B3F91FC8688B00492773 /* Assets.xcassets */; };
		F7A8B3FD1FC8688B00492773 /* LaunchScreen.storyboard in Resources */ = {isa = PBXBuildFile; fileRef = F7A8B3FB1FC8688B00492773 /* LaunchScreen.storyboard */; };
		F7A8B4071FC869E500492773 /* Person.swift in Sources */ = {isa = PBXBuildFile; fileRef = F7A8B4061FC869E500492773 /* Person.swift */; };
		F7A8B40A1FC8700E00492773 /* PersonView.swift in Sources */ = {isa = PBXBuildFile; fileRef = F7A8B4091FC8700E00492773 /* PersonView.swift */; };
		F7A8B40C1FC875A000492773 /* PersonCustomCell.swift in Sources */ = {isa = PBXBuildFile; fileRef = F7A8B40B1FC875A000492773 /* PersonCustomCell.swift */; };
/* End PBXBuildFile section */

/* Begin PBXFileReference section */
		F7A8B3EC1FC8688B00492773 /* Person.app */ = {isa = PBXFileReference; explicitFileType = wrapper.application; includeInIndex = 0; path = Person.app; sourceTree = BUILT_PRODUCTS_DIR; };
		F7A8B3EF1FC8688B00492773 /* AppDelegate.swift */ = {isa = PBXFileReference; lastKnownFileType = sourcecode.swift; path = AppDelegate.swift; sourceTree = "<group>"; };
		F7A8B3F11FC8688B00492773 /* PersonViewController.swift */ = {isa = PBXFileReference; lastKnownFileType = sourcecode.swift; path = PersonViewController.swift; sourceTree = "<group>"; };
		F7A8B3F41FC8688B00492773 /* Base */ = {isa = PBXFileReference; lastKnownFileType = file.storyboard; name = Base; path = Base.lproj/Main.storyboard; sourceTree = "<group>"; };
		F7A8B3F71FC8688B00492773 /* Person.xcdatamodel */ = {isa = PBXFileReference; lastKnownFileType = wrapper.xcdatamodel; path = Person.xcdatamodel; sourceTree = "<group>"; };
		F7A8B3F91FC8688B00492773 /* Assets.xcassets */ = {isa = PBXFileReference; lastKnownFileType = folder.assetcatalog; path = Assets.xcassets; sourceTree = "<group>"; };
		F7A8B3FC1FC8688B00492773 /* Base */ = {isa = PBXFileReference; lastKnownFileType = file.storyboard; name = Base; path = Base.lproj/LaunchScreen.storyboard; sourceTree = "<group>"; };
		F7A8B3FE1FC8688B00492773 /* Info.plist */ = {isa = PBXFileReference; lastKnownFileType = text.plist.xml; path = Info.plist; sourceTree = "<group>"; };
		F7A8B4061FC869E500492773 /* Person.swift */ = {isa = PBXFileReference; lastKnownFileType = sourcecode.swift; path = Person.swift; sourceTree = "<group>"; };
		F7A8B4091FC8700E00492773 /* PersonView.swift */ = {isa = PBXFileReference; lastKnownFileType = sourcecode.swift; path = PersonView.swift; sourceTree = "<group>"; };
		F7A8B40B1FC875A000492773 /* PersonCustomCell.swift */ = {isa = PBXFileReference; lastKnownFileType = sourcecode.swift; path = PersonCustomCell.swift; sourceTree = "<group>"; };
/* End PBXFileReference section */

/* Begin PBXFrameworksBuildPhase section */
		F7A8B3E91FC8688B00492773 /* Frameworks */ = {
			isa = PBXFrameworksBuildPhase;
			buildActionMask = 2147483647;
			files = (
			);
			runOnlyForDeploymentPostprocessing = 0;
		};
/* End PBXFrameworksBuildPhase section */

/* Begin PBXGroup section */
		F7A8B3E31FC8688A00492773 = {
			isa = PBXGroup;
			children = (
				F7A8B3EE1FC8688B00492773 /* Person */,
				F7A8B3ED1FC8688B00492773 /* Products */,
			);
			sourceTree = "<group>";
		};
		F7A8B3ED1FC8688B00492773 /* Products */ = {
			isa = PBXGroup;
			children = (
				F7A8B3EC1FC8688B00492773 /* Person.app */,
			);
			name = Products;
			sourceTree = "<group>";
		};
		F7A8B3EE1FC8688B00492773 /* Person */ = {
			isa = PBXGroup;
			children = (
				F7A8B4081FC8700000492773 /* view */,
				F7A8B4051FC868FA00492773 /* presenter */,
				F7A8B4041FC868F200492773 /* model */,
				F7A8B3EF1FC8688B00492773 /* AppDelegate.swift */,
				F7A8B3F31FC8688B00492773 /* Main.storyboard */,
				F7A8B3F91FC8688B00492773 /* Assets.xcassets */,
				F7A8B3FB1FC8688B00492773 /* LaunchScreen.storyboard */,
				F7A8B3FE1FC8688B00492773 /* Info.plist */,
				F7A8B3F61FC8688B00492773 /* Person.xcdatamodeld */,
			);
			path = Person;
			sourceTree = "<group>";
		};
		F7A8B4041FC868F200492773 /* model */ = {
			isa = PBXGroup;
			children = (
				F7A8B4061FC869E500492773 /* Person.swift */,
			);
			path = model;
			sourceTree = "<group>";
		};
		F7A8B4051FC868FA00492773 /* presenter */ = {
			isa = PBXGroup;
			children = (
				F7A8B4091FC8700E00492773 /* PersonView.swift */,
			);
			path = presenter;
			sourceTree = "<group>";
		};
		F7A8B4081FC8700000492773 /* view */ = {
			isa = PBXGroup;
			children = (
				F7A8B3F11FC8688B00492773 /* PersonViewController.swift */,
				F7A8B40B1FC875A000492773 /* PersonCustomCell.swift */,
			);
			path = view;
			sourceTree = "<group>";
		};
/* End PBXGroup section */

/* Begin PBXNativeTarget section */
		F7A8B3EB1FC8688B00492773 /* Person */ = {
			isa = PBXNativeTarget;
			buildConfigurationList = F7A8B4011FC8688B00492773 /* Build configuration list for PBXNativeTarget "Person" */;
			buildPhases = (
				F7A8B3E81FC8688B00492773 /* Sources */,
				F7A8B3E91FC8688B00492773 /* Frameworks */,
				F7A8B3EA1FC8688B00492773 /* Resources */,
			);
			buildRules = (
			);
			dependencies = (
			);
			name = Person;
			productName = Person;
			productReference = F7A8B3EC1FC8688B00492773 /* Person.app */;
			productType = "com.apple.product-type.application";
		};
/* End PBXNativeTarget section */

/* Begin PBXProject section */
		F7A8B3E41FC8688A00492773 /* Project object */ = {
			isa = PBXProject;
			attributes = {
				LastSwiftUpdateCheck = 0910;
				LastUpgradeCheck = 0910;
				ORGANIZATIONNAME = "Vansa Pha";
				TargetAttributes = {
					F7A8B3EB1FC8688B00492773 = {
						CreatedOnToolsVersion = 9.1;
						ProvisioningStyle = Automatic;
					};
				};
			};
			buildConfigurationList = F7A8B3E71FC8688A00492773 /* Build configuration list for PBXProject "Person" */;
			compatibilityVersion = "Xcode 8.0";
			developmentRegion = en;
			hasScannedForEncodings = 0;
			knownRegions = (
				en,
				Base,
			);
			mainGroup = F7A8B3E31FC8688A00492773;
			productRefGroup = F7A8B3ED1FC8688B00492773 /* Products */;
			projectDirPath = "";
			projectRoot = "";
			targets = (
				F7A8B3EB1FC8688B00492773 /* Person */,
			);
		};
/* End PBXProject section */

/* Begin PBXResourcesBuildPhase section */
		F7A8B3EA1FC8688B00492773 /* Resources */ = {
			isa = PBXResourcesBuildPhase;
			buildActionMask = 2147483647;
			files = (
				F7A8B3FD1FC8688B00492773 /* LaunchScreen.storyboard in Resources */,
				F7A8B3FA1FC8688B00492773 /* Assets.xcassets in Resources */,
				F7A8B3F51FC8688B00492773 /* Main.storyboard in Resources */,
			);
			runOnlyForDeploymentPostprocessing = 0;
		};
/* End PBXResourcesBuildPhase section */

/* Begin PBXSourcesBuildPhase section */
		F7A8B3E81FC8688B00492773 /* Sources */ = {
			isa = PBXSourcesBuildPhase;
			buildActionMask = 2147483647;
			files = (
				F7A8B40A1FC8700E00492773 /* PersonView.swift in Sources */,
				F7A8B40C1FC875A000492773 /* PersonCustomCell.swift in Sources */,
				F7A8B3F21FC8688B00492773 /* PersonViewController.swift in Sources */,
				F7A8B3F81FC8688B00492773 /* Person.xcdatamodeld in Sources */,
				F7A8B4071FC869E500492773 /* Person.swift in Sources */,
				F7A8B3F01FC8688B00492773 /* AppDelegate.swift in Sources */,
			);
			runOnlyForDeploymentPostprocessing = 0;
		};
/* End PBXSourcesBuildPhase section */

/* Begin PBXVariantGroup section */
		F7A8B3F31FC8688B00492773 /* Main.storyboard */ = {
			isa = PBXVariantGroup;
			children = (
				F7A8B3F41FC8688B00492773 /* Base */,
			);
			name = Main.storyboard;
			sourceTree = "<group>";
		};
		F7A8B3FB1FC8688B00492773 /* LaunchScreen.storyboard */ = {
			isa = PBXVariantGroup;
			children = (
				F7A8B3FC1FC8688B00492773 /* Base */,
			);
			name = LaunchScreen.storyboard;
			sourceTree = "<group>";
		};
/* End PBXVariantGroup section */

/* Begin XCBuildConfiguration section */
		F7A8B3FF1FC8688B00492773 /* Debug */ = {
			isa = XCBuildConfiguration;
			buildSettings = {
				ALWAYS_SEARCH_USER_PATHS = NO;
				CLANG_ANALYZER_NONNULL = YES;
				CLANG_ANALYZER_NUMBER_OBJECT_CONVERSION = YES_AGGRESSIVE;
				CLANG_CXX_LANGUAGE_STANDARD = "gnu++14";
				CLANG_CXX_LIBRARY = "libc++";
				CLANG_ENABLE_MODULES = YES;
				CLANG_ENABLE_OBJC_ARC = YES;
				CLANG_WARN_BLOCK_CAPTURE_AUTORELEASING = YES;
				CLANG_WARN_BOOL_CONVERSION = YES;
				CLANG_WARN_COMMA = YES;
				CLANG_WARN_CONSTANT_CONVERSION = YES;
				CLANG_WARN_DIRECT_OBJC_ISA_USAGE = YES_ERROR;
				CLANG_WARN_DOCUMENTATION_COMMENTS = YES;
				CLANG_WARN_EMPTY_BODY = YES;
				CLANG_WARN_ENUM_CONVERSION = YES;
				CLANG_WARN_INFINITE_RECURSION = YES;
				CLANG_WARN_INT_CONVERSION = YES;
				CLANG_WARN_NON_LITERAL_NULL_CONVERSION = YES;
				CLANG_WARN_OBJC_LITERAL_CONVERSION = YES;
				CLANG_WARN_OBJC_ROOT_CLASS = YES_ERROR;
				CLANG_WARN_RANGE_LOOP_ANALYSIS = YES;
				CLANG_WARN_STRICT_PROTOTYPES = YES;
				CLANG_WARN_SUSPICIOUS_MOVE = YES;
				CLANG_WARN_UNGUARDED_AVAILABILITY = YES_AGGRESSIVE;
				CLANG_WARN_UNREACHABLE_CODE = YES;
				CLANG_WARN__DUPLICATE_METHOD_MATCH = YES;
				CODE_SIGN_IDENTITY = "iPhone Developer";
				COPY_PHASE_STRIP = NO;
				DEBUG_INFORMATION_FORMAT = dwarf;
				ENABLE_STRICT_OBJC_MSGSEND = YES;
				ENABLE_TESTABILITY = YES;
				GCC_C_LANGUAGE_STANDARD = gnu11;
				GCC_DYNAMIC_NO_PIC = NO;
				GCC_NO_COMMON_BLOCKS = YES;
				GCC_OPTIMIZATION_LEVEL = 0;
				GCC_PREPROCESSOR_DEFINITIONS = (
					"DEBUG=1",
					"$(inherited)",
				);
				GCC_WARN_64_TO_32_BIT_CONVERSION = YES;
				GCC_WARN_ABOUT_RETURN_TYPE = YES_ERROR;
				GCC_WARN_UNDECLARED_SELECTOR = YES;
				GCC_WARN_UNINITIALIZED_AUTOS = YES_AGGRESSIVE;
				GCC_WARN_UNUSED_FUNCTION = YES;
				GCC_WARN_UNUSED_VARIABLE = YES;
				IPHONEOS_DEPLOYMENT_TARGET = 11.1;
				MTL_ENABLE_DEBUG_INFO = YES;
				ONLY_ACTIVE_ARCH = YES;
				SDKROOT = iphoneos;
				SWIFT_ACTIVE_COMPILATION_CONDITIONS = DEBUG;
				SWIFT_OPTIMIZATION_LEVEL = "-Onone";
			};
			name = Debug;
		};
		F7A8B4001FC8688B00492773 /* Release */ = {
			isa = XCBuildConfiguration;
			buildSettings = {
				ALWAYS_SEARCH_USER_PATHS = NO;
				CLANG_ANALYZER_NONNULL = YES;
				CLANG_ANALYZER_NUMBER_OBJECT_CONVERSION = YES_AGGRESSIVE;
				CLANG_CXX_LANGUAGE_STANDARD = "gnu++14";
				CLANG_CXX_LIBRARY = "libc++";
				CLANG_ENABLE_MODULES = YES;
				CLANG_ENABLE_OBJC_ARC = YES;
				CLANG_WARN_BLOCK_CAPTURE_AUTORELEASING = YES;
				CLANG_WARN_BOOL_CONVERSION = YES;
				CLANG_WARN_COMMA = YES;
				CLANG_WARN_CONSTANT_CONVERSION = YES;
				CLANG_WARN_DIRECT_OBJC_ISA_USAGE = YES_ERROR;
				CLANG_WARN_DOCUMENTATION_COMMENTS = YES;
				CLANG_WARN_EMPTY_BODY = YES;
				CLANG_WARN_ENUM_CONVERSION = YES;
				CLANG_WARN_INFINITE_RECURSION = YES;
				CLANG_WARN_INT_CONVERSION = YES;
				CLANG_WARN_NON_LITERAL_NULL_CONVERSION = YES;
				CLANG_WARN_OBJC_LITERAL_CONVERSION = YES;
				CLANG_WARN_OBJC_ROOT_CLASS = YES_ERROR;
				CLANG_WARN_RANGE_LOOP_ANALYSIS = YES;
				CLANG_WARN_STRICT_PROTOTYPES = YES;
				CLANG_WARN_SUSPICIOUS_MOVE = YES;
				CLANG_WARN_UNGUARDED_AVAILABILITY = YES_AGGRESSIVE;
				CLANG_WARN_UNREACHABLE_CODE = YES;
				CLANG_WARN__DUPLICATE_METHOD_MATCH = YES;
				CODE_SIGN_IDENTITY = "iPhone Developer";
				COPY_PHASE_STRIP = NO;
				DEBUG_INFORMATION_FORMAT = "dwarf-with-dsym";
				ENABLE_NS_ASSERTIONS = NO;
				ENABLE_STRICT_OBJC_MSGSEND = YES;
				GCC_C_LANGUAGE_STANDARD = gnu11;
				GCC_NO_COMMON_BLOCKS = YES;
				GCC_WARN_64_TO_32_BIT_CONVERSION = YES;
				GCC_WARN_ABOUT_RETURN_TYPE = YES_ERROR;
				GCC_WARN_UNDECLARED_SELECTOR = YES;
				GCC_WARN_UNINITIALIZED_AUTOS = YES_AGGRESSIVE;
				GCC_WARN_UNUSED_FUNCTION = YES;
				GCC_WARN_UNUSED_VARIABLE = YES;
				IPHONEOS_DEPLOYMENT_TARGET = 11.1;
				MTL_ENABLE_DEBUG_INFO = NO;
				SDKROOT = iphoneos;
				SWIFT_OPTIMIZATION_LEVEL = "-Owholemodule";
				VALIDATE_PRODUCT = YES;
			};
			name = Release;
		};
		F7A8B4021FC8688B00492773 /* Debug */ = {
			isa = XCBuildConfiguration;
			buildSettings = {
				ASSETCATALOG_COMPILER_APPICON_NAME = AppIcon;
				CODE_SIGN_STYLE = Automatic;
				DEVELOPMENT_TEAM = PG98TTFS9P;
				INFOPLIST_FILE = Person/Info.plist;
				LD_RUNPATH_SEARCH_PATHS = "$(inherited) @executable_path/Frameworks";
				PRODUCT_BUNDLE_IDENTIFIER = com.saSolution.Person;
				PRODUCT_NAME = "$(TARGET_NAME)";
				SWIFT_VERSION = 4.0;
				TARGETED_DEVICE_FAMILY = "1,2";
			};
			name = Debug;
		};
		F7A8B4031FC8688B00492773 /* Release */ = {
			isa = XCBuildConfiguration;
			buildSettings = {
				ASSETCATALOG_COMPILER_APPICON_NAME = AppIcon;
				CODE_SIGN_STYLE = Automatic;
				DEVELOPMENT_TEAM = PG98TTFS9P;
				INFOPLIST_FILE = Person/Info.plist;
				LD_RUNPATH_SEARCH_PATHS = "$(inherited) @executable_path/Frameworks";
				PRODUCT_BUNDLE_IDENTIFIER = com.saSolution.Person;
				PRODUCT_NAME = "$(TARGET_NAME)";
				SWIFT_VERSION = 4.0;
				TARGETED_DEVICE_FAMILY = "1,2";
			};
			name = Release;
		};
/* End XCBuildConfiguration section */

/* Begin XCConfigurationList section */
		F7A8B3E71FC8688A00492773 /* Build configuration list for PBXProject "Person" */ = {
			isa = XCConfigurationList;
			buildConfigurations = (
				F7A8B3FF1FC8688B00492773 /* Debug */,
				F7A8B4001FC8688B00492773 /* Release */,
			);
			defaultConfigurationIsVisible = 0;
			defaultConfigurationName = Release;
		};
		F7A8B4011FC8688B00492773 /* Build configuration list for PBXNativeTarget "Person" */ = {
			isa = XCConfigurationList;
			buildConfigurations = (
				F7A8B4021FC8688B00492773 /* Debug */,
				F7A8B4031FC8688B00492773 /* Release */,
			);
			defaultConfigurationIsVisible = 0;
			defaultConfigurationName = Release;
		};
/* End XCConfigurationList section */

/* Begin XCVersionGroup section */
		F7A8B3F61FC8688B00492773 /* Person.xcdatamodeld */ = {
			isa = XCVersionGroup;
			children = (
				F7A8B3F71FC8688B00492773 /* Person.xcdatamodel */,
			);
			currentVersion = F7A8B3F71FC8688B00492773 /* Person.xcdatamodel */;
			path = Person.xcdatamodeld;
			sourceTree = "<group>";
			versionGroupType = wrapper.xcdatamodel;
		};
/* End XCVersionGroup section */
	};
	rootObject = F7A8B3E41FC8688A00492773 /* Project object */;
}
